
Microsoft Visual Studio Solution File, Format Version 12.00
# Visual Studio Version 17
VisualStudioVersion = 17.3.32825.248
MinimumVisualStudioVersion = 10.0.40219.1
Project("{FAE04EC0-301F-11D3-BF4B-00C04F79EFBC}") = "PROG8170_Section1_Assignment2_Group6", "PROG8170_Section1_Assignment2_Group6.csproj", "{9EF7502C-4AA7-4A58-A9E7-E2476D83A531}"
EndProject
Project("{FAE04EC0-301F-11D3-BF4B-00C04F79EFBC}") = "PROG8170_Section1_Assignment2_Group6_Tests", "..\PROG8170_Section1_Assignment2_Group6_Tests\PROG8170_Section1_Assignment2_Group6_Tests.csproj", "{2C38BC15-A432-4860-BD67-129111098675}"
EndProject
Global
	GlobalSection(SolutionConfigurationPlatforms) = preSolution
		Debug|Any CPU = Debug|Any CPU
		Release|Any CPU = Release|Any CPU
	EndGlobalSection
	GlobalSection(ProjectConfigurationPlatforms) = postSolution
		{9EF7502C-4AA7-4A58-A9E7-E2476D83A531}.Debug|Any CPU.ActiveCfg = Debug|Any CPU
		{9EF7502C-4AA7-4A58-A9E7-E2476D83A531}.Debug|Any CPU.Build.0 = Debug|Any CPU
		{9EF7502C-4AA7-4A58-A9E7-E2476D83A531}.Release|Any CPU.ActiveCfg = Release|Any CPU
		{9EF7502C-4AA7-4A58-A9E7-E2476D83A531}.Release|Any CPU.Build.0 = Release|Any CPU
		{2C38BC15-A432-4860-BD67-129111098675}.Debug|Any CPU.ActiveCfg = Debug|Any CPU
		{2C38BC15-A432-4860-BD67-129111098675}.Debug|Any CPU.Build.0 = Debug|Any CPU
		{2C38BC15-A432-4860-BD67-129111098675}.Release|Any CPU.ActiveCfg = Release|Any CPU
		{2C38BC15-A432-4860-BD67-129111098675}.Release|Any CPU.Build.0 = Release|Any CPU
	EndGlobalSection
	GlobalSection(SolutionProperties) = preSolution
		HideSolutionNode = FALSE
	EndGlobalSection
	GlobalSection(ExtensibilityGlobals) = postSolution
		SolutionGuid = {F3456BE6-2285-4B05-9083-B55703C9BE2E}
	EndGlobalSection
EndGlobal
